
Microsoft Visual Studio Solution File, Format Version 12.00
# Visual Studio Version 16
VisualStudioVersion = 16.0.32630.194
MinimumVisualStudioVersion = 10.0.40219.1
Project("{8BC9CEB8-8B4A-11D0-8D11-00A0C91BC942}") = "my_contact", "my_contact.vcxproj", "{724EB439-C568-456E-B454-4B869865EA05}"
EndProject
Global
	GlobalSection(SolutionConfigurationPlatforms) = preSolution
		Debug|x64 = Debug|x64
		Debug|x86 = Debug|x86
		Release|x64 = Release|x64
		Release|x86 = Release|x86
	EndGlobalSection
	GlobalSection(ProjectConfigurationPlatforms) = postSolution
		{724EB439-C568-456E-B454-4B869865EA05}.Debug|x64.ActiveCfg = Debug|x64
		{724EB439-C568-456E-B454-4B869865EA05}.Debug|x64.Build.0 = Debug|x64
		{724EB439-C568-456E-B454-4B869865EA05}.Debug|x86.ActiveCfg = Debug|Win32
		{724EB439-C568-456E-B454-4B869865EA05}.Debug|x86.Build.0 = Debug|Win32
		{724EB439-C568-456E-B454-4B869865EA05}.Release|x64.ActiveCfg = Release|x64
		{724EB439-C568-456E-B454-4B869865EA05}.Release|x64.Build.0 = Release|x64
		{724EB439-C568-456E-B454-4B869865EA05}.Release|x86.ActiveCfg = Release|Win32
		{724EB439-C568-456E-B454-4B869865EA05}.Release|x86.Build.0 = Release|Win32
	EndGlobalSection
	GlobalSection(SolutionProperties) = preSolution
		HideSolutionNode = FALSE
	EndGlobalSection
	GlobalSection(ExtensibilityGlobals) = postSolution
		SolutionGuid = {64A0832D-7ABF-471B-BD7F-0B09FE3DADE6}
	EndGlobalSection
EndGlobal
